
Microsoft Visual Studio Solution File, Format Version 12.00
# Visual Studio 14
VisualStudioVersion = 14.0.25420.1
MinimumVisualStudioVersion = 10.0.40219.1
Project("{FAE04EC0-301F-11D3-BF4B-00C04F79EFBC}") = "Randa.Assessment.App", "Randa.Assessment.App\Randa.Assessment.App.csproj", "{BB802CFB-79D0-4D89-AFB4-2AC662CCB9AE}"
EndProject
Project("{FAE04EC0-301F-11D3-BF4B-00C04F79EFBC}") = "Randa.Assessment.Api", "Randa.Assessment.Api\Randa.Assessment.Api.csproj", "{14E7F05F-ED33-452E-BAE8-01B4F82EEC62}"
EndProject
Project("{FAE04EC0-301F-11D3-BF4B-00C04F79EFBC}") = "Randa.Assessment.Services", "Randa.Assessment.Services\Randa.Assessment.Services.csproj", "{08ADDF59-5661-49E0-B394-78156AAAD1B7}"
EndProject
Project("{FAE04EC0-301F-11D3-BF4B-00C04F79EFBC}") = "Randa.Assessment.Domain", "Randa.Assessment.Domain\Randa.Assessment.Domain.csproj", "{B8D53A23-9AC5-4C74-8AEA-6E5B006F59C5}"
EndProject
Global
	GlobalSection(SolutionConfigurationPlatforms) = preSolution
		Debug|Any CPU = Debug|Any CPU
		Release|Any CPU = Release|Any CPU
	EndGlobalSection
	GlobalSection(ProjectConfigurationPlatforms) = postSolution
		{BB802CFB-79D0-4D89-AFB4-2AC662CCB9AE}.Debug|Any CPU.ActiveCfg = Debug|Any CPU
		{BB802CFB-79D0-4D89-AFB4-2AC662CCB9AE}.Debug|Any CPU.Build.0 = Debug|Any CPU
		{BB802CFB-79D0-4D89-AFB4-2AC662CCB9AE}.Release|Any CPU.ActiveCfg = Release|Any CPU
		{BB802CFB-79D0-4D89-AFB4-2AC662CCB9AE}.Release|Any CPU.Build.0 = Release|Any CPU
		{14E7F05F-ED33-452E-BAE8-01B4F82EEC62}.Debug|Any CPU.ActiveCfg = Debug|Any CPU
		{14E7F05F-ED33-452E-BAE8-01B4F82EEC62}.Debug|Any CPU.Build.0 = Debug|Any CPU
		{14E7F05F-ED33-452E-BAE8-01B4F82EEC62}.Release|Any CPU.ActiveCfg = Release|Any CPU
		{14E7F05F-ED33-452E-BAE8-01B4F82EEC62}.Release|Any CPU.Build.0 = Release|Any CPU
		{08ADDF59-5661-49E0-B394-78156AAAD1B7}.Debug|Any CPU.ActiveCfg = Debug|Any CPU
		{08ADDF59-5661-49E0-B394-78156AAAD1B7}.Debug|Any CPU.Build.0 = Debug|Any CPU
		{08ADDF59-5661-49E0-B394-78156AAAD1B7}.Release|Any CPU.ActiveCfg = Release|Any CPU
		{08ADDF59-5661-49E0-B394-78156AAAD1B7}.Release|Any CPU.Build.0 = Release|Any CPU
		{B8D53A23-9AC5-4C74-8AEA-6E5B006F59C5}.Debug|Any CPU.ActiveCfg = Debug|Any CPU
		{B8D53A23-9AC5-4C74-8AEA-6E5B006F59C5}.Debug|Any CPU.Build.0 = Debug|Any CPU
		{B8D53A23-9AC5-4C74-8AEA-6E5B006F59C5}.Release|Any CPU.ActiveCfg = Release|Any CPU
		{B8D53A23-9AC5-4C74-8AEA-6E5B006F59C5}.Release|Any CPU.Build.0 = Release|Any CPU
	EndGlobalSection
	GlobalSection(SolutionProperties) = preSolution
		HideSolutionNode = FALSE
	EndGlobalSection
EndGlobal
