
Microsoft Visual Studio Solution File, Format Version 12.00
# Visual Studio 14
VisualStudioVersion = 14.0.25420.1
MinimumVisualStudioVersion = 10.0.40219.1
Project("{FAE04EC0-301F-11D3-BF4B-00C04F79EFBC}") = "Randa.Assessment.Domain.Services", "Randa.Assessment.Domain.Services\Randa.Assessment.Domain.Services.csproj", "{08ADDF59-5661-49E0-B394-78156AAAD1B7}"
EndProject
Project("{FAE04EC0-301F-11D3-BF4B-00C04F79EFBC}") = "Randa.Assessment.Domain", "Randa.Assessment.Domain\Randa.Assessment.Domain.csproj", "{B8D53A23-9AC5-4C74-8AEA-6E5B006F59C5}"
EndProject
Project("{FAE04EC0-301F-11D3-BF4B-00C04F79EFBC}") = "Randa.Assessment.Application", "Randa.Assessment.Application\Randa.Assessment.Application.csproj", "{4EC2D5B5-C7B3-4ADB-BC3D-2F64DCBA166C}"
EndProject
Project("{FAE04EC0-301F-11D3-BF4B-00C04F79EFBC}") = "Randa.Assessment.Application.Services", "Randa.Assessment.Application.Services\Randa.Assessment.Application.Services.csproj", "{1D616481-80F7-46BA-8E89-2E0EC2C341B5}"
EndProject
Project("{FAE04EC0-301F-11D3-BF4B-00C04F79EFBC}") = "Randa.Assessment.Infrastructure", "Randa.Assessment.Infrastructure\Randa.Assessment.Infrastructure.csproj", "{19DE2C11-DBC0-4AB1-A42F-DEBC221FAD0D}"
EndProject
Project("{FAE04EC0-301F-11D3-BF4B-00C04F79EFBC}") = "Randa.Assessment.Tests", "Randa.Assessment.Tests\Randa.Assessment.Tests.csproj", "{F2D1DA2F-0A0D-4B37-83E3-5A455F890F8E}"
EndProject
Project("{FAE04EC0-301F-11D3-BF4B-00C04F79EFBC}") = "Randa.Assessment.DataImporter", "Randa.Assessment.DataImporter\Randa.Assessment.DataImporter.csproj", "{D346B2B5-AB02-4C62-8266-48900B325B07}"
EndProject
Project("{2150E333-8FDC-42A3-9474-1A3956D46DE8}") = "0. Content", "0. Content", "{F8006413-D041-4E89-B08E-A62052E8AB8A}"
	ProjectSection(SolutionItems) = preProject
		BuildDatabase.sql = BuildDatabase.sql
	EndProjectSection
EndProject
Project("{2150E333-8FDC-42A3-9474-1A3956D46DE8}") = "6. Domain", "6. Domain", "{16CF54F0-0F0B-4B20-B484-FE40E40BE0FD}"
EndProject
Project("{2150E333-8FDC-42A3-9474-1A3956D46DE8}") = "5. Domain Services", "5. Domain Services", "{D6747056-94D7-4D33-9D02-AFA7107350EE}"
EndProject
Project("{2150E333-8FDC-42A3-9474-1A3956D46DE8}") = "4. Application Services", "4. Application Services", "{E03AFF8B-68FA-4FCB-95BE-C8B5B2C93C81}"
EndProject
Project("{2150E333-8FDC-42A3-9474-1A3956D46DE8}") = "3. Infrastructure", "3. Infrastructure", "{A6A95CC8-FF7B-4BFB-BE0A-88B381FEFD01}"
EndProject
Project("{2150E333-8FDC-42A3-9474-1A3956D46DE8}") = "2. Applications", "2. Applications", "{C866395D-C81C-44BC-B7F1-01D7FFF999E3}"
EndProject
Project("{2150E333-8FDC-42A3-9474-1A3956D46DE8}") = "1. Tests", "1. Tests", "{413B03E8-300D-4841-9A86-B6146589B38F}"
EndProject
Project("{FAE04EC0-301F-11D3-BF4B-00C04F79EFBC}") = "Randa.Assessment.Domain.Tests", "Randa.Assessment.Domain.Tests\Randa.Assessment.Domain.Tests.csproj", "{78F2C7CE-B111-4AF4-89FE-9F0EDCA74B33}"
EndProject
Global
	GlobalSection(SolutionConfigurationPlatforms) = preSolution
		Debug|Any CPU = Debug|Any CPU
		Release|Any CPU = Release|Any CPU
	EndGlobalSection
	GlobalSection(ProjectConfigurationPlatforms) = postSolution
		{08ADDF59-5661-49E0-B394-78156AAAD1B7}.Debug|Any CPU.ActiveCfg = Debug|Any CPU
		{08ADDF59-5661-49E0-B394-78156AAAD1B7}.Debug|Any CPU.Build.0 = Debug|Any CPU
		{08ADDF59-5661-49E0-B394-78156AAAD1B7}.Release|Any CPU.ActiveCfg = Release|Any CPU
		{08ADDF59-5661-49E0-B394-78156AAAD1B7}.Release|Any CPU.Build.0 = Release|Any CPU
		{B8D53A23-9AC5-4C74-8AEA-6E5B006F59C5}.Debug|Any CPU.ActiveCfg = Debug|Any CPU
		{B8D53A23-9AC5-4C74-8AEA-6E5B006F59C5}.Debug|Any CPU.Build.0 = Debug|Any CPU
		{B8D53A23-9AC5-4C74-8AEA-6E5B006F59C5}.Release|Any CPU.ActiveCfg = Release|Any CPU
		{B8D53A23-9AC5-4C74-8AEA-6E5B006F59C5}.Release|Any CPU.Build.0 = Release|Any CPU
		{4EC2D5B5-C7B3-4ADB-BC3D-2F64DCBA166C}.Debug|Any CPU.ActiveCfg = Debug|Any CPU
		{4EC2D5B5-C7B3-4ADB-BC3D-2F64DCBA166C}.Debug|Any CPU.Build.0 = Debug|Any CPU
		{4EC2D5B5-C7B3-4ADB-BC3D-2F64DCBA166C}.Release|Any CPU.ActiveCfg = Release|Any CPU
		{4EC2D5B5-C7B3-4ADB-BC3D-2F64DCBA166C}.Release|Any CPU.Build.0 = Release|Any CPU
		{1D616481-80F7-46BA-8E89-2E0EC2C341B5}.Debug|Any CPU.ActiveCfg = Debug|Any CPU
		{1D616481-80F7-46BA-8E89-2E0EC2C341B5}.Debug|Any CPU.Build.0 = Debug|Any CPU
		{1D616481-80F7-46BA-8E89-2E0EC2C341B5}.Release|Any CPU.ActiveCfg = Release|Any CPU
		{1D616481-80F7-46BA-8E89-2E0EC2C341B5}.Release|Any CPU.Build.0 = Release|Any CPU
		{19DE2C11-DBC0-4AB1-A42F-DEBC221FAD0D}.Debug|Any CPU.ActiveCfg = Debug|Any CPU
		{19DE2C11-DBC0-4AB1-A42F-DEBC221FAD0D}.Debug|Any CPU.Build.0 = Debug|Any CPU
		{19DE2C11-DBC0-4AB1-A42F-DEBC221FAD0D}.Release|Any CPU.ActiveCfg = Release|Any CPU
		{19DE2C11-DBC0-4AB1-A42F-DEBC221FAD0D}.Release|Any CPU.Build.0 = Release|Any CPU
		{F2D1DA2F-0A0D-4B37-83E3-5A455F890F8E}.Debug|Any CPU.ActiveCfg = Debug|Any CPU
		{F2D1DA2F-0A0D-4B37-83E3-5A455F890F8E}.Debug|Any CPU.Build.0 = Debug|Any CPU
		{F2D1DA2F-0A0D-4B37-83E3-5A455F890F8E}.Release|Any CPU.ActiveCfg = Release|Any CPU
		{F2D1DA2F-0A0D-4B37-83E3-5A455F890F8E}.Release|Any CPU.Build.0 = Release|Any CPU
		{D346B2B5-AB02-4C62-8266-48900B325B07}.Debug|Any CPU.ActiveCfg = Debug|Any CPU
		{D346B2B5-AB02-4C62-8266-48900B325B07}.Debug|Any CPU.Build.0 = Debug|Any CPU
		{D346B2B5-AB02-4C62-8266-48900B325B07}.Release|Any CPU.ActiveCfg = Release|Any CPU
		{D346B2B5-AB02-4C62-8266-48900B325B07}.Release|Any CPU.Build.0 = Release|Any CPU
		{78F2C7CE-B111-4AF4-89FE-9F0EDCA74B33}.Debug|Any CPU.ActiveCfg = Debug|Any CPU
		{78F2C7CE-B111-4AF4-89FE-9F0EDCA74B33}.Debug|Any CPU.Build.0 = Debug|Any CPU
		{78F2C7CE-B111-4AF4-89FE-9F0EDCA74B33}.Release|Any CPU.ActiveCfg = Release|Any CPU
		{78F2C7CE-B111-4AF4-89FE-9F0EDCA74B33}.Release|Any CPU.Build.0 = Release|Any CPU
	EndGlobalSection
	GlobalSection(SolutionProperties) = preSolution
		HideSolutionNode = FALSE
	EndGlobalSection
	GlobalSection(NestedProjects) = preSolution
		{08ADDF59-5661-49E0-B394-78156AAAD1B7} = {D6747056-94D7-4D33-9D02-AFA7107350EE}
		{B8D53A23-9AC5-4C74-8AEA-6E5B006F59C5} = {16CF54F0-0F0B-4B20-B484-FE40E40BE0FD}
		{4EC2D5B5-C7B3-4ADB-BC3D-2F64DCBA166C} = {C866395D-C81C-44BC-B7F1-01D7FFF999E3}
		{1D616481-80F7-46BA-8E89-2E0EC2C341B5} = {E03AFF8B-68FA-4FCB-95BE-C8B5B2C93C81}
		{19DE2C11-DBC0-4AB1-A42F-DEBC221FAD0D} = {A6A95CC8-FF7B-4BFB-BE0A-88B381FEFD01}
		{F2D1DA2F-0A0D-4B37-83E3-5A455F890F8E} = {413B03E8-300D-4841-9A86-B6146589B38F}
		{D346B2B5-AB02-4C62-8266-48900B325B07} = {C866395D-C81C-44BC-B7F1-01D7FFF999E3}
		{78F2C7CE-B111-4AF4-89FE-9F0EDCA74B33} = {413B03E8-300D-4841-9A86-B6146589B38F}
	EndGlobalSection
EndGlobal
